
Microsoft Visual Studio Solution File, Format Version 12.00
# Visual Studio 15
VisualStudioVersion = 15.0.27703.2042
MinimumVisualStudioVersion = 10.0.40219.1
Project("{888888A0-9F3D-457C-B088-3A5042F75D52}") = "Conga", "Conga\Conga.pyproj", "{52352553-8AE7-4DE4-A845-58E3696C98FF}"
EndProject
Global
	GlobalSection(SolutionConfigurationPlatforms) = preSolution
		Debug|Any CPU = Debug|Any CPU
		Release|Any CPU = Release|Any CPU
	EndGlobalSection
	GlobalSection(ProjectConfigurationPlatforms) = postSolution
		{52352553-8AE7-4DE4-A845-58E3696C98FF}.Debug|Any CPU.ActiveCfg = Debug|Any CPU
		{52352553-8AE7-4DE4-A845-58E3696C98FF}.Release|Any CPU.ActiveCfg = Release|Any CPU
	EndGlobalSection
	GlobalSection(SolutionProperties) = preSolution
		HideSolutionNode = FALSE
	EndGlobalSection
	GlobalSection(ExtensibilityGlobals) = postSolution
		SolutionGuid = {971099EC-0C5C-4F55-A3D8-5B6193200C70}
	EndGlobalSection
EndGlobal
